{
  "name": "germacoin",
  "version": "1.0.0",
  "lockfileVersion": 2,
  "requires": true,
  "packages": {
    "": {
      "name": "germacoin",
      "version": "1.0.0",
      "license": "ISC",
      "dependencies": {
        "crypto-js": "^4.1.1",
        "timer-node": "^5.0.5"
      },
      "devDependencies": {
        "@types/node": "^17.0.8"
      }
    },
    "node_modules/@types/node": {
      "version": "17.0.8",
      "resolved": "https://registry.npmjs.org/@types/node/-/node-17.0.8.tgz",
      "integrity": "sha512-YofkM6fGv4gDJq78g4j0mMuGMkZVxZDgtU0JRdx6FgiJDG+0fY0GKVolOV8WqVmEhLCXkQRjwDdKyPxJp/uucg==",
      "dev": true
    },
    "node_modules/crypto-js": {
      "version": "4.1.1",
      "resolved": "https://registry.npmjs.org/crypto-js/-/crypto-js-4.1.1.tgz",
      "integrity": "sha512-o2JlM7ydqd3Qk9CA0L4NL6mTzU2sdx96a+oOfPu8Mkl/PK51vSyoi8/rQ8NknZtk44vq15lmhAj9CIAGwgeWKw=="
    },
    "node_modules/timer-node": {
      "version": "5.0.5",
      "resolved": "https://registry.npmjs.org/timer-node/-/timer-node-5.0.5.tgz",
      "integrity": "sha512-a/RE0HITUQ8+BBqvGmSUycpsHHY4RLvdbzlUD53FtvvY8osjSMMeo/c4jfrcjVc+AK9d3SUGiUO5HwWIlKtFwQ=="
    }
  },
  "dependencies": {
    "@types/node": {
      "version": "17.0.8",
      "resolved": "https://registry.npmjs.org/@types/node/-/node-17.0.8.tgz",
      "integrity": "sha512-YofkM6fGv4gDJq78g4j0mMuGMkZVxZDgtU0JRdx6FgiJDG+0fY0GKVolOV8WqVmEhLCXkQRjwDdKyPxJp/uucg==",
      "dev": true
    },
    "crypto-js": {
      "version": "4.1.1",
      "resolved": "https://registry.npmjs.org/crypto-js/-/crypto-js-4.1.1.tgz",
      "integrity": "sha512-o2JlM7ydqd3Qk9CA0L4NL6mTzU2sdx96a+oOfPu8Mkl/PK51vSyoi8/rQ8NknZtk44vq15lmhAj9CIAGwgeWKw=="
    },
    "timer-node": {
      "version": "5.0.5",
      "resolved": "https://registry.npmjs.org/timer-node/-/timer-node-5.0.5.tgz",
      "integrity": "sha512-a/RE0HITUQ8+BBqvGmSUycpsHHY4RLvdbzlUD53FtvvY8osjSMMeo/c4jfrcjVc+AK9d3SUGiUO5HwWIlKtFwQ=="
    }
  }
}
